
Microsoft Visual Studio Solution File, Format Version 12.00
# Visual Studio Version 16
VisualStudioVersion = 16.0.30330.147
MinimumVisualStudioVersion = 10.0.40219.1
Project("{FAE04EC0-301F-11D3-BF4B-00C04F79EFBC}") = "02_StringConcat", "02_StringConcat.csproj", "{6CFB11ED-D9FB-47B1-B905-70ED2E28E359}"
EndProject
Global
	GlobalSection(SolutionConfigurationPlatforms) = preSolution
		Debug|Any CPU = Debug|Any CPU
		Release|Any CPU = Release|Any CPU
	EndGlobalSection
	GlobalSection(ProjectConfigurationPlatforms) = postSolution
		{6CFB11ED-D9FB-47B1-B905-70ED2E28E359}.Debug|Any CPU.ActiveCfg = Debug|Any CPU
		{6CFB11ED-D9FB-47B1-B905-70ED2E28E359}.Debug|Any CPU.Build.0 = Debug|Any CPU
		{6CFB11ED-D9FB-47B1-B905-70ED2E28E359}.Release|Any CPU.ActiveCfg = Release|Any CPU
		{6CFB11ED-D9FB-47B1-B905-70ED2E28E359}.Release|Any CPU.Build.0 = Release|Any CPU
	EndGlobalSection
	GlobalSection(SolutionProperties) = preSolution
		HideSolutionNode = FALSE
	EndGlobalSection
	GlobalSection(ExtensibilityGlobals) = postSolution
		SolutionGuid = {F397D058-9B6D-4C62-B82E-2E5246083737}
	EndGlobalSection
EndGlobal
